{
  "name": "pw-checker",
  "version": "1.0.0",
  "lockfileVersion": 1,
  "requires": true,
  "dependencies": {
    "pwned-pw": {
      "version": "1.0.5",
      "resolved": "https://registry.npmjs.org/pwned-pw/-/pwned-pw-1.0.5.tgz",
      "integrity": "sha512-KWgoA+4vnQUaROj7fcp6Hqou6ycp7QJSvkTjBuxm3qK2aFWfXwJd9dESOYCn6GOCSc8q6QHfkdOHNl7Uw2ZY/w=="
    },
    "zxcvbn": {
      "version": "4.4.2",
      "resolved": "https://registry.npmjs.org/zxcvbn/-/zxcvbn-4.4.2.tgz",
      "integrity": "sha1-KOwXzwl0PtyrBW3dixsGJizHPDA="
    }
  }
}
